
Microsoft Visual Studio Solution File, Format Version 12.00
# Visual Studio Version 17
VisualStudioVersion = 17.0.31903.59
MinimumVisualStudioVersion = 10.0.40219.1
Project("{FAE04EC0-301F-11D3-BF4B-00C04F79EFBC}") = "WishListAPI", "WishListAPI\WishListAPI.csproj", "{83033ADA-AE8E-438B-8F7A-660A959B06B9}"
EndProject
Project("{FAE04EC0-301F-11D3-BF4B-00C04F79EFBC}") = "WishListAPI.Tests", "WishListAPI.Tests\WishListAPI.Tests.csproj", "{1269E11E-3B2E-434E-94B1-88A2B03FEA55}"
EndProject
Global
	GlobalSection(SolutionConfigurationPlatforms) = preSolution
		Debug|Any CPU = Debug|Any CPU
		Release|Any CPU = Release|Any CPU
	EndGlobalSection
	GlobalSection(SolutionProperties) = preSolution
		HideSolutionNode = FALSE
	EndGlobalSection
	GlobalSection(ProjectConfigurationPlatforms) = postSolution
		{83033ADA-AE8E-438B-8F7A-660A959B06B9}.Debug|Any CPU.ActiveCfg = Debug|Any CPU
		{83033ADA-AE8E-438B-8F7A-660A959B06B9}.Debug|Any CPU.Build.0 = Debug|Any CPU
		{83033ADA-AE8E-438B-8F7A-660A959B06B9}.Release|Any CPU.ActiveCfg = Release|Any CPU
		{83033ADA-AE8E-438B-8F7A-660A959B06B9}.Release|Any CPU.Build.0 = Release|Any CPU
		{1269E11E-3B2E-434E-94B1-88A2B03FEA55}.Debug|Any CPU.ActiveCfg = Debug|Any CPU
		{1269E11E-3B2E-434E-94B1-88A2B03FEA55}.Debug|Any CPU.Build.0 = Debug|Any CPU
		{1269E11E-3B2E-434E-94B1-88A2B03FEA55}.Release|Any CPU.ActiveCfg = Release|Any CPU
		{1269E11E-3B2E-434E-94B1-88A2B03FEA55}.Release|Any CPU.Build.0 = Release|Any CPU
	EndGlobalSection
EndGlobal
